<?xml version="1.0" encoding="utf-8"?>
<Project ToolsVersion="4.0" xmlns="http://schemas.microsoft.com/developer/msbuild/2003">
  <ItemGroup>
    <Filter Include="Source Files">
      <UniqueIdentifier>{4FC737F1-C7A5-4376-A066-2A32D752A2FF}</UniqueIdentifier>
      <Extensions>cpp;c;cc;cxx;c++;cppm;ixx;def;odl;idl;hpj;bat;asm;asmx</Extensions>
    </Filter>
    <Filter Include="Header Files">
      <UniqueIdentifier>{93995380-89BD-4b04-88EB-625FBE52EBFB}</UniqueIdentifier>
      <Extensions>h;hh;hpp;hxx;h++;hm;inl;inc;ipp;xsd</Extensions>
    </Filter>
    <Filter Include="Resource Files">
      <UniqueIdentifier>{67DA6AB6-F800-4c08-8B7A-83BB121AAD01}</UniqueIdentifier>
      <Extensions>rc;ico;cur;bmp;dlg;rc2;rct;bin;rgs;gif;jpg;jpeg;jpe;resx;tiff;tif;png;wav;mfcribbon-ms</Extensions>
    </Filter>
  </ItemGroup>
  <ItemGroup>
    <ClCompile Include="HelloWorld.c">
      <Filter>Source Files</Filter>
    </ClCompile>
    <ClCompile Include="IntegerTypes.c">
      <Filter>Source Files</Filter>
    </ClCompile>
    <ClCompile Include="_main.c">
      <Filter>Source Files</Filter>
    </ClCompile>
    <ClCompile Include="VariableDeclaration.c">
      <Filter>Source Files</Filter>
    </ClCompile>
    <ClCompile Include="CharacterConstants.c">
      <Filter>Source Files</Filter>
    </ClCompile>
    <ClCompile Include="DefiningConstants.c">
      <Filter>Source Files</Filter>
    </ClCompile>
    <ClCompile Include="StaticStorageClass.c">
      <Filter>Source Files</Filter>
    </ClCompile>
    <ClCompile Include="support.c">
      <Filter>Source Files</Filter>
    </ClCompile>
    <ClCompile Include="ExternStorageClass.c">
      <Filter>Source Files</Filter>
    </ClCompile>
    <ClCompile Include="InfiniteLoop.c">
      <Filter>Source Files</Filter>
    </ClCompile>
    <ClCompile Include="max.c">
      <Filter>Source Files</Filter>
    </ClCompile>
    <ClCompile Include="CallingFunction.c">
      <Filter>Source Files</Filter>
    </ClCompile>
    <ClCompile Include="LocalVariables.c">
      <Filter>Source Files</Filter>
    </ClCompile>
    <ClCompile Include="GlobalVariables.c">
      <Filter>Source Files</Filter>
    </ClCompile>
    <ClCompile Include="Arrays.c">
      <Filter>Source Files</Filter>
    </ClCompile>
    <ClCompile Include="Pointers.c">
      <Filter>Source Files</Filter>
    </ClCompile>
    <ClCompile Include="Strings.c">
      <Filter>Source Files</Filter>
    </ClCompile>
    <ClCompile Include="Structures.c">
      <Filter>Source Files</Filter>
    </ClCompile>
    <ClCompile Include="Unions.c">
      <Filter>Source Files</Filter>
    </ClCompile>
    <ClCompile Include="BitFields.c">
      <Filter>Source Files</Filter>
    </ClCompile>
    <ClCompile Include="typedef.c">
      <Filter>Source Files</Filter>
    </ClCompile>
    <ClCompile Include="InputOutput.c">
      <Filter>Source Files</Filter>
    </ClCompile>
    <ClCompile Include="FileIO.c">
      <Filter>Source Files</Filter>
    </ClCompile>
    <ClCompile Include="Preprocessors.c">
      <Filter>Source Files</Filter>
    </ClCompile>
    <ClCompile Include="TypeCasting.c">
      <Filter>Source Files</Filter>
    </ClCompile>
    <ClCompile Include="ErrorHandling.c">
      <Filter>Source Files</Filter>
    </ClCompile>
    <ClCompile Include="Recursion.c">
      <Filter>Source Files</Filter>
    </ClCompile>
    <ClCompile Include="VariableArguments.c">
      <Filter>Source Files</Filter>
    </ClCompile>
    <ClCompile Include="MemoryManagement.c">
      <Filter>Source Files</Filter>
    </ClCompile>
    <ClCompile Include="CommandLineArguments.c">
      <Filter>Source Files</Filter>
    </ClCompile>
  </ItemGroup>
  <ItemGroup>
    <ClInclude Include="myFuncs.h">
      <Filter>Header Files</Filter>
    </ClInclude>
  </ItemGroup>
</Project>